PODS:
  - Choreo (0.1.0)
  - Nimble (7.0.3)
  - Quick (1.2.0)

DEPENDENCIES:
  - Choreo (from `../`)
  - Nimble (~> 7.0.2)
  - Quick (~> 1.2.0)

SPEC REPOS:
  https://github.com/cocoapods/specs.git:
    - Nimble
    - Quick

EXTERNAL SOURCES:
  Choreo:
    :path: "../"

SPEC CHECKSUMS:
  Choreo: 775830736a7b1db1a920a88e9197b3431f36cf5a
  Nimble: 7f5a9c447a33002645a071bddafbfb24ea70e0ac
  Quick: 58d203b1c5e27fff7229c4c1ae445ad7069a7a08

PODFILE CHECKSUM: 79e3ebd5e00f849e7dc83557841585911bf09cbd

COCOAPODS: 1.5.3
